
Microsoft Visual Studio Solution File, Format Version 12.00
# Visual Studio Version 16
VisualStudioVersion = 16.0.29911.84
MinimumVisualStudioVersion = 10.0.40219.1
Project("{FAE04EC0-301F-11D3-BF4B-00C04F79EFBC}") = "Ejercicio29", "Ejercicio29\Ejercicio29.csproj", "{939E16C8-8189-46D2-A04C-E78A6C2FEE44}"
EndProject
Global
	GlobalSection(SolutionConfigurationPlatforms) = preSolution
		Debug|Any CPU = Debug|Any CPU
		Release|Any CPU = Release|Any CPU
	EndGlobalSection
	GlobalSection(ProjectConfigurationPlatforms) = postSolution
		{939E16C8-8189-46D2-A04C-E78A6C2FEE44}.Debug|Any CPU.ActiveCfg = Debug|Any CPU
		{939E16C8-8189-46D2-A04C-E78A6C2FEE44}.Debug|Any CPU.Build.0 = Debug|Any CPU
		{939E16C8-8189-46D2-A04C-E78A6C2FEE44}.Release|Any CPU.ActiveCfg = Release|Any CPU
		{939E16C8-8189-46D2-A04C-E78A6C2FEE44}.Release|Any CPU.Build.0 = Release|Any CPU
	EndGlobalSection
	GlobalSection(SolutionProperties) = preSolution
		HideSolutionNode = FALSE
	EndGlobalSection
	GlobalSection(ExtensibilityGlobals) = postSolution
		SolutionGuid = {F2B63D9F-ECC9-4919-B0CA-DEC90CC11E96}
	EndGlobalSection
EndGlobal
