
Microsoft Visual Studio Solution File, Format Version 12.00
# Visual Studio Version 16
VisualStudioVersion = 16.0.29911.84
MinimumVisualStudioVersion = 10.0.40219.1
Project("{FAE04EC0-301F-11D3-BF4B-00C04F79EFBC}") = "Ejercicio56", "Ejercicio56\Ejercicio56.csproj", "{3A7F978F-BB81-4C4C-B92A-113AD1F98555}"
EndProject
Project("{FAE04EC0-301F-11D3-BF4B-00C04F79EFBC}") = "IO", "IO\IO.csproj", "{954EFE58-8E54-4C0C-8D81-E5FA236B0F59}"
EndProject
Global
	GlobalSection(SolutionConfigurationPlatforms) = preSolution
		Debug|Any CPU = Debug|Any CPU
		Release|Any CPU = Release|Any CPU
	EndGlobalSection
	GlobalSection(ProjectConfigurationPlatforms) = postSolution
		{3A7F978F-BB81-4C4C-B92A-113AD1F98555}.Debug|Any CPU.ActiveCfg = Debug|Any CPU
		{3A7F978F-BB81-4C4C-B92A-113AD1F98555}.Debug|Any CPU.Build.0 = Debug|Any CPU
		{3A7F978F-BB81-4C4C-B92A-113AD1F98555}.Release|Any CPU.ActiveCfg = Release|Any CPU
		{3A7F978F-BB81-4C4C-B92A-113AD1F98555}.Release|Any CPU.Build.0 = Release|Any CPU
		{954EFE58-8E54-4C0C-8D81-E5FA236B0F59}.Debug|Any CPU.ActiveCfg = Debug|Any CPU
		{954EFE58-8E54-4C0C-8D81-E5FA236B0F59}.Debug|Any CPU.Build.0 = Debug|Any CPU
		{954EFE58-8E54-4C0C-8D81-E5FA236B0F59}.Release|Any CPU.ActiveCfg = Release|Any CPU
		{954EFE58-8E54-4C0C-8D81-E5FA236B0F59}.Release|Any CPU.Build.0 = Release|Any CPU
	EndGlobalSection
	GlobalSection(SolutionProperties) = preSolution
		HideSolutionNode = FALSE
	EndGlobalSection
	GlobalSection(ExtensibilityGlobals) = postSolution
		SolutionGuid = {878E56CC-8CFC-492E-A05A-859CCD385A87}
	EndGlobalSection
EndGlobal
