
Microsoft Visual Studio Solution File, Format Version 12.00
# Visual Studio Version 16
VisualStudioVersion = 16.0.30114.105
MinimumVisualStudioVersion = 10.0.40219.1
Project("{FAE04EC0-301F-11D3-BF4B-00C04F79EFBC}") = "WindowsForms", "WindowsForms\WindowsForms.csproj", "{C1641701-2E2F-45CA-AEA7-F6886D88FF5E}"
EndProject
Project("{FAE04EC0-301F-11D3-BF4B-00C04F79EFBC}") = "Entidades", "Entidades\Entidades.csproj", "{238DDD5B-7D77-4D99-9D24-471ABDC4BF66}"
EndProject
Global
	GlobalSection(SolutionConfigurationPlatforms) = preSolution
		Debug|Any CPU = Debug|Any CPU
		Release|Any CPU = Release|Any CPU
	EndGlobalSection
	GlobalSection(ProjectConfigurationPlatforms) = postSolution
		{C1641701-2E2F-45CA-AEA7-F6886D88FF5E}.Debug|Any CPU.ActiveCfg = Debug|Any CPU
		{C1641701-2E2F-45CA-AEA7-F6886D88FF5E}.Debug|Any CPU.Build.0 = Debug|Any CPU
		{C1641701-2E2F-45CA-AEA7-F6886D88FF5E}.Release|Any CPU.ActiveCfg = Release|Any CPU
		{C1641701-2E2F-45CA-AEA7-F6886D88FF5E}.Release|Any CPU.Build.0 = Release|Any CPU
		{238DDD5B-7D77-4D99-9D24-471ABDC4BF66}.Debug|Any CPU.ActiveCfg = Debug|Any CPU
		{238DDD5B-7D77-4D99-9D24-471ABDC4BF66}.Debug|Any CPU.Build.0 = Debug|Any CPU
		{238DDD5B-7D77-4D99-9D24-471ABDC4BF66}.Release|Any CPU.ActiveCfg = Release|Any CPU
		{238DDD5B-7D77-4D99-9D24-471ABDC4BF66}.Release|Any CPU.Build.0 = Release|Any CPU
	EndGlobalSection
	GlobalSection(SolutionProperties) = preSolution
		HideSolutionNode = FALSE
	EndGlobalSection
	GlobalSection(ExtensibilityGlobals) = postSolution
		SolutionGuid = {0198975F-E47F-4D55-A4C4-5B834F65972F}
	EndGlobalSection
EndGlobal
